
Microsoft Visual Studio Solution File, Format Version 12.00
# Visual Studio Version 17
VisualStudioVersion = 17.9.34728.123
MinimumVisualStudioVersion = 10.0.40219.1
Project("{9A19103F-16F7-4668-BE54-9A1E7A4F7556}") = "OrderAPI", "src\OrderAPI.csproj", "{145DDA3F-0516-44C7-B0D4-825D41E26323}"
EndProject
Global
	GlobalSection(SolutionConfigurationPlatforms) = preSolution
		Debug|Any CPU = Debug|Any CPU
		Release|Any CPU = Release|Any CPU
	EndGlobalSection
	GlobalSection(ProjectConfigurationPlatforms) = postSolution
		{145DDA3F-0516-44C7-B0D4-825D41E26323}.Debug|Any CPU.ActiveCfg = Debug|Any CPU
		{145DDA3F-0516-44C7-B0D4-825D41E26323}.Debug|Any CPU.Build.0 = Debug|Any CPU
		{145DDA3F-0516-44C7-B0D4-825D41E26323}.Release|Any CPU.ActiveCfg = Release|Any CPU
		{145DDA3F-0516-44C7-B0D4-825D41E26323}.Release|Any CPU.Build.0 = Release|Any CPU
	EndGlobalSection
	GlobalSection(SolutionProperties) = preSolution
		HideSolutionNode = FALSE
	EndGlobalSection
	GlobalSection(ExtensibilityGlobals) = postSolution
		SolutionGuid = {7C05E5E5-9667-4E05-A1B9-6A4C2D65F207}
	EndGlobalSection
EndGlobal
